
Microsoft Visual Studio Solution File, Format Version 12.00
# Visual Studio 15
Project("{FAE04EC0-301F-11D3-BF4B-00C04F79EFBC}") = "Assembly-CSharp", "Assembly-CSharp.csproj", "{2ADF0398-9231-6A7D-AEEB-D29FEFF0D7A6}"
EndProject
Project("{FAE04EC0-301F-11D3-BF4B-00C04F79EFBC}") = "ProBuilderIntegration", "ProBuilderIntegration.csproj", "{C461D1EC-285A-FE2D-AFBF-833ECF172D39}"
EndProject
Project("{FAE04EC0-301F-11D3-BF4B-00C04F79EFBC}") = "Assembly-CSharp-Editor", "Assembly-CSharp-Editor.csproj", "{7F6B428A-A3BD-8FC5-0ABC-9168503E6125}"
EndProject
Global
	GlobalSection(SolutionConfigurationPlatforms) = preSolution
		Debug|Any CPU = Debug|Any CPU
		Release|Any CPU = Release|Any CPU
	EndGlobalSection
	GlobalSection(ProjectConfigurationPlatforms) = postSolution
		{2ADF0398-9231-6A7D-AEEB-D29FEFF0D7A6}.Debug|Any CPU.ActiveCfg = Debug|Any CPU
		{2ADF0398-9231-6A7D-AEEB-D29FEFF0D7A6}.Debug|Any CPU.Build.0 = Debug|Any CPU
		{2ADF0398-9231-6A7D-AEEB-D29FEFF0D7A6}.Release|Any CPU.ActiveCfg = Release|Any CPU
		{2ADF0398-9231-6A7D-AEEB-D29FEFF0D7A6}.Release|Any CPU.Build.0 = Release|Any CPU
		{C461D1EC-285A-FE2D-AFBF-833ECF172D39}.Debug|Any CPU.ActiveCfg = Debug|Any CPU
		{C461D1EC-285A-FE2D-AFBF-833ECF172D39}.Debug|Any CPU.Build.0 = Debug|Any CPU
		{C461D1EC-285A-FE2D-AFBF-833ECF172D39}.Release|Any CPU.ActiveCfg = Release|Any CPU
		{C461D1EC-285A-FE2D-AFBF-833ECF172D39}.Release|Any CPU.Build.0 = Release|Any CPU
		{7F6B428A-A3BD-8FC5-0ABC-9168503E6125}.Debug|Any CPU.ActiveCfg = Debug|Any CPU
		{7F6B428A-A3BD-8FC5-0ABC-9168503E6125}.Debug|Any CPU.Build.0 = Debug|Any CPU
		{7F6B428A-A3BD-8FC5-0ABC-9168503E6125}.Release|Any CPU.ActiveCfg = Release|Any CPU
		{7F6B428A-A3BD-8FC5-0ABC-9168503E6125}.Release|Any CPU.Build.0 = Release|Any CPU
	EndGlobalSection
	GlobalSection(SolutionProperties) = preSolution
		HideSolutionNode = FALSE
	EndGlobalSection
EndGlobal
